
Microsoft Visual Studio Solution File, Format Version 12.00
# Visual Studio Version 16
VisualStudioVersion = 16.0.29020.237
MinimumVisualStudioVersion = 10.0.40219.1
Project("{8BC9CEB8-8B4A-11D0-8D11-00A0C91BC942}") = "Ion.IR", "Ion.IR\Ion.IR.vcxproj", "{BF4A4666-73DE-4D1C-818F-6FF13F90DABC}"
EndProject
Global
	GlobalSection(SolutionConfigurationPlatforms) = preSolution
		Debug|x64 = Debug|x64
		Debug|x86 = Debug|x86
		Release|x64 = Release|x64
		Release|x86 = Release|x86
	EndGlobalSection
	GlobalSection(ProjectConfigurationPlatforms) = postSolution
		{BF4A4666-73DE-4D1C-818F-6FF13F90DABC}.Debug|x64.ActiveCfg = Debug|x64
		{BF4A4666-73DE-4D1C-818F-6FF13F90DABC}.Debug|x64.Build.0 = Debug|x64
		{BF4A4666-73DE-4D1C-818F-6FF13F90DABC}.Debug|x86.ActiveCfg = Debug|Win32
		{BF4A4666-73DE-4D1C-818F-6FF13F90DABC}.Debug|x86.Build.0 = Debug|Win32
		{BF4A4666-73DE-4D1C-818F-6FF13F90DABC}.Release|x64.ActiveCfg = Release|x64
		{BF4A4666-73DE-4D1C-818F-6FF13F90DABC}.Release|x64.Build.0 = Release|x64
		{BF4A4666-73DE-4D1C-818F-6FF13F90DABC}.Release|x86.ActiveCfg = Release|Win32
		{BF4A4666-73DE-4D1C-818F-6FF13F90DABC}.Release|x86.Build.0 = Release|Win32
	EndGlobalSection
	GlobalSection(SolutionProperties) = preSolution
		HideSolutionNode = FALSE
	EndGlobalSection
	GlobalSection(ExtensibilityGlobals) = postSolution
		SolutionGuid = {8CCC7D13-4552-4E54-9A86-BCC294C1F2BE}
	EndGlobalSection
EndGlobal
