<?xml version="1.0" encoding="utf-8"?>
<Project ToolsVersion="4.0" xmlns="http://schemas.microsoft.com/developer/msbuild/2003">
  <ItemGroup>
    <Filter Include="Source Files">
      <UniqueIdentifier>{4FC737F1-C7A5-4376-A066-2A32D752A2FF}</UniqueIdentifier>
      <Extensions>cpp;c;cc;cxx;def;odl;idl;hpj;bat;asm;asmx</Extensions>
    </Filter>
    <Filter Include="Header Files">
      <UniqueIdentifier>{93995380-89BD-4b04-88EB-625FBE52EBFB}</UniqueIdentifier>
      <Extensions>h;hh;hpp;hxx;hm;inl;inc;ipp;xsd</Extensions>
    </Filter>
    <Filter Include="Resource Files">
      <UniqueIdentifier>{67DA6AB6-F800-4c08-8B7A-83BB121AAD01}</UniqueIdentifier>
      <Extensions>rc;ico;cur;bmp;dlg;rc2;rct;bin;rgs;gif;jpg;jpeg;jpe;resx;tiff;tif;png;wav;mfcribbon-ms</Extensions>
    </Filter>
    <Filter Include="Source Files\Constructs">
      <UniqueIdentifier>{c9fad93c-2e39-4ee4-bc9f-43bcc41daee2}</UniqueIdentifier>
    </Filter>
    <Filter Include="Source Files\Generation">
      <UniqueIdentifier>{c4b9545f-09e2-4f8e-9176-2ce9ddbc1ad0}</UniqueIdentifier>
    </Filter>
    <Filter Include="Source Files\Misc">
      <UniqueIdentifier>{f8e61ab2-85b4-4007-b5b4-62a5bf43e697}</UniqueIdentifier>
    </Filter>
    <Filter Include="Source Files\Parsing">
      <UniqueIdentifier>{bb32ebcf-542f-45c7-9461-cb24046689f1}</UniqueIdentifier>
    </Filter>
    <Filter Include="Source Files\Syntax">
      <UniqueIdentifier>{c4e88ac4-995b-4a94-a26b-92a6b2d03da1}</UniqueIdentifier>
    </Filter>
  </ItemGroup>
  <ItemGroup>
    <ClCompile Include="src\Ion.IR.cpp">
      <Filter>Source Files</Filter>
    </ClCompile>
  </ItemGroup>
  <ItemGroup>
    <ClInclude Include="src\Constructs\BinaryExpr.hh">
      <Filter>Source Files\Constructs</Filter>
    </ClInclude>
    <ClInclude Include="src\Constructs\Block.hh">
      <Filter>Source Files\Constructs</Filter>
    </ClInclude>
    <ClInclude Include="src\Constructs\Prototype.hh">
      <Filter>Source Files\Constructs</Filter>
    </ClInclude>
    <ClInclude Include="src\Constructs\Type.hh">
      <Filter>Source Files\Constructs</Filter>
    </ClInclude>
    <ClInclude Include="src\Generation\Construct.hh">
      <Filter>Source Files\Generation</Filter>
    </ClInclude>
    <ClInclude Include="src\Generation\ConstructType.hh">
      <Filter>Source Files\Generation</Filter>
    </ClInclude>
    <ClInclude Include="src\Generation\LlvmVisitor.hh">
      <Filter>Source Files\Generation</Filter>
    </ClInclude>
    <ClInclude Include="src\Generation\Visitable.hh">
      <Filter>Source Files\Generation</Filter>
    </ClInclude>
    <ClInclude Include="src\Misc\TokenConstants.hh">
      <Filter>Source Files\Misc</Filter>
    </ClInclude>
    <ClInclude Include="src\Parsing\GenerationListener.hh">
      <Filter>Source Files\Parsing</Filter>
    </ClInclude>
    <ClInclude Include="src\Parsing\Listener.hh">
      <Filter>Source Files\Parsing</Filter>
    </ClInclude>
    <ClInclude Include="src\Syntax\Lexer.hh">
      <Filter>Source Files\Syntax</Filter>
    </ClInclude>
    <ClInclude Include="src\Syntax\Stream.hh">
      <Filter>Source Files\Syntax</Filter>
    </ClInclude>
    <ClInclude Include="src\Syntax\Token.hh">
      <Filter>Source Files\Syntax</Filter>
    </ClInclude>
    <ClInclude Include="src\Syntax\TokenStream.hh">
      <Filter>Source Files\Syntax</Filter>
    </ClInclude>
    <ClInclude Include="src\Syntax\TokenType.hh">
      <Filter>Source Files\Syntax</Filter>
    </ClInclude>
  </ItemGroup>
</Project>